
Microsoft Visual Studio Solution File, Format Version 12.00
# Visual Studio Version 17
VisualStudioVersion = 17.1.32210.238
MinimumVisualStudioVersion = 10.0.40219.1
Project("{FAE04EC0-301F-11D3-BF4B-00C04F79EFBC}") = "dotnet-core-hw-web-app", "dotnet-core-hw-web-app\dotnet-core-hw-web-app.csproj", "{AF5C91DA-E44E-4442-AAEC-445D643C281A}"
EndProject
Global
	GlobalSection(SolutionConfigurationPlatforms) = preSolution
		Debug|Any CPU = Debug|Any CPU
		Release|Any CPU = Release|Any CPU
	EndGlobalSection
	GlobalSection(ProjectConfigurationPlatforms) = postSolution
		{AF5C91DA-E44E-4442-AAEC-445D643C281A}.Debug|Any CPU.ActiveCfg = Debug|Any CPU
		{AF5C91DA-E44E-4442-AAEC-445D643C281A}.Debug|Any CPU.Build.0 = Debug|Any CPU
		{AF5C91DA-E44E-4442-AAEC-445D643C281A}.Release|Any CPU.ActiveCfg = Release|Any CPU
		{AF5C91DA-E44E-4442-AAEC-445D643C281A}.Release|Any CPU.Build.0 = Release|Any CPU
	EndGlobalSection
	GlobalSection(SolutionProperties) = preSolution
		HideSolutionNode = FALSE
	EndGlobalSection
	GlobalSection(ExtensibilityGlobals) = postSolution
		SolutionGuid = {672540C8-B6BB-4A62-8E6A-1013FE88BC36}
	EndGlobalSection
EndGlobal
